
Microsoft Visual Studio Solution File, Format Version 12.00
# Visual Studio 15
VisualStudioVersion = 15.0.28307.421
MinimumVisualStudioVersion = 10.0.40219.1
Project("{FAE04EC0-301F-11D3-BF4B-00C04F79EFBC}") = "autos.Android", "autos\autos.Android\autos.Android.csproj", "{3C457967-F6D4-4FAC-8F08-0F9269149F12}"
EndProject
Project("{FAE04EC0-301F-11D3-BF4B-00C04F79EFBC}") = "autos.iOS", "autos\autos.iOS\autos.iOS.csproj", "{CAC792F1-1ADA-4565-AB7F-9A69747FF547}"
EndProject
Project("{FAE04EC0-301F-11D3-BF4B-00C04F79EFBC}") = "autos", "autos\autos\autos.csproj", "{824C4126-BE1D-4154-A47D-64A8072A65AD}"
EndProject
Global
	GlobalSection(SolutionConfigurationPlatforms) = preSolution
		Ad-Hoc|Any CPU = Ad-Hoc|Any CPU
		Ad-Hoc|iPhone = Ad-Hoc|iPhone
		Ad-Hoc|iPhoneSimulator = Ad-Hoc|iPhoneSimulator
		AppStore|Any CPU = AppStore|Any CPU
		AppStore|iPhone = AppStore|iPhone
		AppStore|iPhoneSimulator = AppStore|iPhoneSimulator
		Debug|Any CPU = Debug|Any CPU
		Debug|iPhone = Debug|iPhone
		Debug|iPhoneSimulator = Debug|iPhoneSimulator
		Release|Any CPU = Release|Any CPU
		Release|iPhone = Release|iPhone
		Release|iPhoneSimulator = Release|iPhoneSimulator
	EndGlobalSection
	GlobalSection(ProjectConfigurationPlatforms) = postSolution
		{3C457967-F6D4-4FAC-8F08-0F9269149F12}.Ad-Hoc|Any CPU.ActiveCfg = Release|Any CPU
		{3C457967-F6D4-4FAC-8F08-0F9269149F12}.Ad-Hoc|Any CPU.Build.0 = Release|Any CPU
		{3C457967-F6D4-4FAC-8F08-0F9269149F12}.Ad-Hoc|Any CPU.Deploy.0 = Release|Any CPU
		{3C457967-F6D4-4FAC-8F08-0F9269149F12}.Ad-Hoc|iPhone.ActiveCfg = Release|Any CPU
		{3C457967-F6D4-4FAC-8F08-0F9269149F12}.Ad-Hoc|iPhone.Build.0 = Release|Any CPU
		{3C457967-F6D4-4FAC-8F08-0F9269149F12}.Ad-Hoc|iPhone.Deploy.0 = Release|Any CPU
		{3C457967-F6D4-4FAC-8F08-0F9269149F12}.Ad-Hoc|iPhoneSimulator.ActiveCfg = Release|Any CPU
		{3C457967-F6D4-4FAC-8F08-0F9269149F12}.Ad-Hoc|iPhoneSimulator.Build.0 = Release|Any CPU
		{3C457967-F6D4-4FAC-8F08-0F9269149F12}.Ad-Hoc|iPhoneSimulator.Deploy.0 = Release|Any CPU
		{3C457967-F6D4-4FAC-8F08-0F9269149F12}.AppStore|Any CPU.ActiveCfg = Release|Any CPU
		{3C457967-F6D4-4FAC-8F08-0F9269149F12}.AppStore|Any CPU.Build.0 = Release|Any CPU
		{3C457967-F6D4-4FAC-8F08-0F9269149F12}.AppStore|Any CPU.Deploy.0 = Release|Any CPU
		{3C457967-F6D4-4FAC-8F08-0F9269149F12}.AppStore|iPhone.ActiveCfg = Release|Any CPU
		{3C457967-F6D4-4FAC-8F08-0F9269149F12}.AppStore|iPhone.Build.0 = Release|Any CPU
		{3C457967-F6D4-4FAC-8F08-0F9269149F12}.AppStore|iPhone.Deploy.0 = Release|Any CPU
		{3C457967-F6D4-4FAC-8F08-0F9269149F12}.AppStore|iPhoneSimulator.ActiveCfg = Release|Any CPU
		{3C457967-F6D4-4FAC-8F08-0F9269149F12}.AppStore|iPhoneSimulator.Build.0 = Release|Any CPU
		{3C457967-F6D4-4FAC-8F08-0F9269149F12}.AppStore|iPhoneSimulator.Deploy.0 = Release|Any CPU
		{3C457967-F6D4-4FAC-8F08-0F9269149F12}.Debug|Any CPU.ActiveCfg = Debug|Any CPU
		{3C457967-F6D4-4FAC-8F08-0F9269149F12}.Debug|Any CPU.Build.0 = Debug|Any CPU
		{3C457967-F6D4-4FAC-8F08-0F9269149F12}.Debug|Any CPU.Deploy.0 = Debug|Any CPU
		{3C457967-F6D4-4FAC-8F08-0F9269149F12}.Debug|iPhone.ActiveCfg = Debug|Any CPU
		{3C457967-F6D4-4FAC-8F08-0F9269149F12}.Debug|iPhone.Build.0 = Debug|Any CPU
		{3C457967-F6D4-4FAC-8F08-0F9269149F12}.Debug|iPhone.Deploy.0 = Debug|Any CPU
		{3C457967-F6D4-4FAC-8F08-0F9269149F12}.Debug|iPhoneSimulator.ActiveCfg = Debug|Any CPU
		{3C457967-F6D4-4FAC-8F08-0F9269149F12}.Debug|iPhoneSimulator.Build.0 = Debug|Any CPU
		{3C457967-F6D4-4FAC-8F08-0F9269149F12}.Debug|iPhoneSimulator.Deploy.0 = Debug|Any CPU
		{3C457967-F6D4-4FAC-8F08-0F9269149F12}.Release|Any CPU.ActiveCfg = Release|Any CPU
		{3C457967-F6D4-4FAC-8F08-0F9269149F12}.Release|Any CPU.Build.0 = Release|Any CPU
		{3C457967-F6D4-4FAC-8F08-0F9269149F12}.Release|Any CPU.Deploy.0 = Release|Any CPU
		{3C457967-F6D4-4FAC-8F08-0F9269149F12}.Release|iPhone.ActiveCfg = Release|Any CPU
		{3C457967-F6D4-4FAC-8F08-0F9269149F12}.Release|iPhone.Build.0 = Release|Any CPU
		{3C457967-F6D4-4FAC-8F08-0F9269149F12}.Release|iPhone.Deploy.0 = Release|Any CPU
		{3C457967-F6D4-4FAC-8F08-0F9269149F12}.Release|iPhoneSimulator.ActiveCfg = Release|Any CPU
		{3C457967-F6D4-4FAC-8F08-0F9269149F12}.Release|iPhoneSimulator.Build.0 = Release|Any CPU
		{3C457967-F6D4-4FAC-8F08-0F9269149F12}.Release|iPhoneSimulator.Deploy.0 = Release|Any CPU
		{CAC792F1-1ADA-4565-AB7F-9A69747FF547}.Ad-Hoc|Any CPU.ActiveCfg = Ad-Hoc|iPhone
		{CAC792F1-1ADA-4565-AB7F-9A69747FF547}.Ad-Hoc|Any CPU.Build.0 = Ad-Hoc|iPhone
		{CAC792F1-1ADA-4565-AB7F-9A69747FF547}.Ad-Hoc|Any CPU.Deploy.0 = Ad-Hoc|iPhone
		{CAC792F1-1ADA-4565-AB7F-9A69747FF547}.Ad-Hoc|iPhone.ActiveCfg = Ad-Hoc|iPhone
		{CAC792F1-1ADA-4565-AB7F-9A69747FF547}.Ad-Hoc|iPhone.Build.0 = Ad-Hoc|iPhone
		{CAC792F1-1ADA-4565-AB7F-9A69747FF547}.Ad-Hoc|iPhone.Deploy.0 = Ad-Hoc|iPhone
		{CAC792F1-1ADA-4565-AB7F-9A69747FF547}.Ad-Hoc|iPhoneSimulator.ActiveCfg = Ad-Hoc|iPhoneSimulator
		{CAC792F1-1ADA-4565-AB7F-9A69747FF547}.Ad-Hoc|iPhoneSimulator.Build.0 = Ad-Hoc|iPhoneSimulator
		{CAC792F1-1ADA-4565-AB7F-9A69747FF547}.Ad-Hoc|iPhoneSimulator.Deploy.0 = Ad-Hoc|iPhoneSimulator
		{CAC792F1-1ADA-4565-AB7F-9A69747FF547}.AppStore|Any CPU.ActiveCfg = AppStore|iPhone
		{CAC792F1-1ADA-4565-AB7F-9A69747FF547}.AppStore|Any CPU.Build.0 = AppStore|iPhone
		{CAC792F1-1ADA-4565-AB7F-9A69747FF547}.AppStore|Any CPU.Deploy.0 = AppStore|iPhone
		{CAC792F1-1ADA-4565-AB7F-9A69747FF547}.AppStore|iPhone.ActiveCfg = AppStore|iPhone
		{CAC792F1-1ADA-4565-AB7F-9A69747FF547}.AppStore|iPhone.Build.0 = AppStore|iPhone
		{CAC792F1-1ADA-4565-AB7F-9A69747FF547}.AppStore|iPhone.Deploy.0 = AppStore|iPhone
		{CAC792F1-1ADA-4565-AB7F-9A69747FF547}.AppStore|iPhoneSimulator.ActiveCfg = AppStore|iPhoneSimulator
		{CAC792F1-1ADA-4565-AB7F-9A69747FF547}.AppStore|iPhoneSimulator.Build.0 = AppStore|iPhoneSimulator
		{CAC792F1-1ADA-4565-AB7F-9A69747FF547}.AppStore|iPhoneSimulator.Deploy.0 = AppStore|iPhoneSimulator
		{CAC792F1-1ADA-4565-AB7F-9A69747FF547}.Debug|Any CPU.ActiveCfg = Debug|iPhoneSimulator
		{CAC792F1-1ADA-4565-AB7F-9A69747FF547}.Debug|Any CPU.Build.0 = Debug|iPhoneSimulator
		{CAC792F1-1ADA-4565-AB7F-9A69747FF547}.Debug|Any CPU.Deploy.0 = Debug|iPhoneSimulator
		{CAC792F1-1ADA-4565-AB7F-9A69747FF547}.Debug|iPhone.ActiveCfg = Debug|iPhone
		{CAC792F1-1ADA-4565-AB7F-9A69747FF547}.Debug|iPhone.Build.0 = Debug|iPhone
		{CAC792F1-1ADA-4565-AB7F-9A69747FF547}.Debug|iPhone.Deploy.0 = Debug|iPhone
		{CAC792F1-1ADA-4565-AB7F-9A69747FF547}.Debug|iPhoneSimulator.ActiveCfg = Debug|iPhoneSimulator
		{CAC792F1-1ADA-4565-AB7F-9A69747FF547}.Debug|iPhoneSimulator.Build.0 = Debug|iPhoneSimulator
		{CAC792F1-1ADA-4565-AB7F-9A69747FF547}.Debug|iPhoneSimulator.Deploy.0 = Debug|iPhoneSimulator
		{CAC792F1-1ADA-4565-AB7F-9A69747FF547}.Release|Any CPU.ActiveCfg = Release|iPhone
		{CAC792F1-1ADA-4565-AB7F-9A69747FF547}.Release|Any CPU.Build.0 = Release|iPhone
		{CAC792F1-1ADA-4565-AB7F-9A69747FF547}.Release|Any CPU.Deploy.0 = Release|iPhone
		{CAC792F1-1ADA-4565-AB7F-9A69747FF547}.Release|iPhone.ActiveCfg = Release|iPhone
		{CAC792F1-1ADA-4565-AB7F-9A69747FF547}.Release|iPhone.Build.0 = Release|iPhone
		{CAC792F1-1ADA-4565-AB7F-9A69747FF547}.Release|iPhone.Deploy.0 = Release|iPhone
		{CAC792F1-1ADA-4565-AB7F-9A69747FF547}.Release|iPhoneSimulator.ActiveCfg = Release|iPhoneSimulator
		{CAC792F1-1ADA-4565-AB7F-9A69747FF547}.Release|iPhoneSimulator.Build.0 = Release|iPhoneSimulator
		{CAC792F1-1ADA-4565-AB7F-9A69747FF547}.Release|iPhoneSimulator.Deploy.0 = Release|iPhoneSimulator
		{824C4126-BE1D-4154-A47D-64A8072A65AD}.Ad-Hoc|Any CPU.ActiveCfg = Debug|Any CPU
		{824C4126-BE1D-4154-A47D-64A8072A65AD}.Ad-Hoc|Any CPU.Build.0 = Debug|Any CPU
		{824C4126-BE1D-4154-A47D-64A8072A65AD}.Ad-Hoc|Any CPU.Deploy.0 = Debug|Any CPU
		{824C4126-BE1D-4154-A47D-64A8072A65AD}.Ad-Hoc|iPhone.ActiveCfg = Debug|Any CPU
		{824C4126-BE1D-4154-A47D-64A8072A65AD}.Ad-Hoc|iPhone.Build.0 = Debug|Any CPU
		{824C4126-BE1D-4154-A47D-64A8072A65AD}.Ad-Hoc|iPhone.Deploy.0 = Debug|Any CPU
		{824C4126-BE1D-4154-A47D-64A8072A65AD}.Ad-Hoc|iPhoneSimulator.ActiveCfg = Debug|Any CPU
		{824C4126-BE1D-4154-A47D-64A8072A65AD}.Ad-Hoc|iPhoneSimulator.Build.0 = Debug|Any CPU
		{824C4126-BE1D-4154-A47D-64A8072A65AD}.Ad-Hoc|iPhoneSimulator.Deploy.0 = Debug|Any CPU
		{824C4126-BE1D-4154-A47D-64A8072A65AD}.AppStore|Any CPU.ActiveCfg = Debug|Any CPU
		{824C4126-BE1D-4154-A47D-64A8072A65AD}.AppStore|Any CPU.Build.0 = Debug|Any CPU
		{824C4126-BE1D-4154-A47D-64A8072A65AD}.AppStore|Any CPU.Deploy.0 = Debug|Any CPU
		{824C4126-BE1D-4154-A47D-64A8072A65AD}.AppStore|iPhone.ActiveCfg = Debug|Any CPU
		{824C4126-BE1D-4154-A47D-64A8072A65AD}.AppStore|iPhone.Build.0 = Debug|Any CPU
		{824C4126-BE1D-4154-A47D-64A8072A65AD}.AppStore|iPhone.Deploy.0 = Debug|Any CPU
		{824C4126-BE1D-4154-A47D-64A8072A65AD}.AppStore|iPhoneSimulator.ActiveCfg = Debug|Any CPU
		{824C4126-BE1D-4154-A47D-64A8072A65AD}.AppStore|iPhoneSimulator.Build.0 = Debug|Any CPU
		{824C4126-BE1D-4154-A47D-64A8072A65AD}.AppStore|iPhoneSimulator.Deploy.0 = Debug|Any CPU
		{824C4126-BE1D-4154-A47D-64A8072A65AD}.Debug|Any CPU.ActiveCfg = Debug|Any CPU
		{824C4126-BE1D-4154-A47D-64A8072A65AD}.Debug|Any CPU.Build.0 = Debug|Any CPU
		{824C4126-BE1D-4154-A47D-64A8072A65AD}.Debug|Any CPU.Deploy.0 = Debug|Any CPU
		{824C4126-BE1D-4154-A47D-64A8072A65AD}.Debug|iPhone.ActiveCfg = Debug|Any CPU
		{824C4126-BE1D-4154-A47D-64A8072A65AD}.Debug|iPhone.Build.0 = Debug|Any CPU
		{824C4126-BE1D-4154-A47D-64A8072A65AD}.Debug|iPhone.Deploy.0 = Debug|Any CPU
		{824C4126-BE1D-4154-A47D-64A8072A65AD}.Debug|iPhoneSimulator.ActiveCfg = Debug|Any CPU
		{824C4126-BE1D-4154-A47D-64A8072A65AD}.Debug|iPhoneSimulator.Build.0 = Debug|Any CPU
		{824C4126-BE1D-4154-A47D-64A8072A65AD}.Debug|iPhoneSimulator.Deploy.0 = Debug|Any CPU
		{824C4126-BE1D-4154-A47D-64A8072A65AD}.Release|Any CPU.ActiveCfg = Release|Any CPU
		{824C4126-BE1D-4154-A47D-64A8072A65AD}.Release|Any CPU.Build.0 = Release|Any CPU
		{824C4126-BE1D-4154-A47D-64A8072A65AD}.Release|Any CPU.Deploy.0 = Release|Any CPU
		{824C4126-BE1D-4154-A47D-64A8072A65AD}.Release|iPhone.ActiveCfg = Release|Any CPU
		{824C4126-BE1D-4154-A47D-64A8072A65AD}.Release|iPhone.Build.0 = Release|Any CPU
		{824C4126-BE1D-4154-A47D-64A8072A65AD}.Release|iPhone.Deploy.0 = Release|Any CPU
		{824C4126-BE1D-4154-A47D-64A8072A65AD}.Release|iPhoneSimulator.ActiveCfg = Release|Any CPU
		{824C4126-BE1D-4154-A47D-64A8072A65AD}.Release|iPhoneSimulator.Build.0 = Release|Any CPU
		{824C4126-BE1D-4154-A47D-64A8072A65AD}.Release|iPhoneSimulator.Deploy.0 = Release|Any CPU
	EndGlobalSection
	GlobalSection(SolutionProperties) = preSolution
		HideSolutionNode = FALSE
	EndGlobalSection
	GlobalSection(ExtensibilityGlobals) = postSolution
		SolutionGuid = {4C201046-4305-46F6-A7DB-F000A6600376}
	EndGlobalSection
EndGlobal
